// !$*UTF8*$!
{
	archiveVersion = 1;
	classes = {
	};
	objectVersion = 46;
	objects = {

/* Begin PBXBuildFile section */
		350EEB3115AB834800E5CE2A /* UIKit.framework in Frameworks */ = {isa = PBXBuildFile; fileRef = 350EEB3015AB834800E5CE2A /* UIKit.framework */; };
		350EEB3315AB834800E5CE2A /* Foundation.framework in Frameworks */ = {isa = PBXBuildFile; fileRef = 350EEB3215AB834800E5CE2A /* Foundation.framework */; };
		350EEB3515AB834800E5CE2A /* CoreGraphics.framework in Frameworks */ = {isa = PBXBuildFile; fileRef = 350EEB3415AB834800E5CE2A /* CoreGraphics.framework */; };
		350EEB3B15AB834800E5CE2A /* InfoPlist.strings in Resources */ = {isa = PBXBuildFile; fileRef = 350EEB3915AB834800E5CE2A /* InfoPlist.strings */; };
		350EEB3D15AB834800E5CE2A /* main.m in Sources */ = {isa = PBXBuildFile; fileRef = 350EEB3C15AB834800E5CE2A /* main.m */; };
		350EEB4115AB834800E5CE2A /* ILAppDelegate.m in Sources */ = {isa = PBXBuildFile; fileRef = 350EEB4015AB834800E5CE2A /* ILAppDelegate.m */; };
		350EEB4415AB834800E5CE2A /* MainStoryboard.storyboard in Resources */ = {isa = PBXBuildFile; fileRef = 350EEB4215AB834800E5CE2A /* MainStoryboard.storyboard */; };
		350EEB4715AB834800E5CE2A /* ILViewController.m in Sources */ = {isa = PBXBuildFile; fileRef = 350EEB4615AB834800E5CE2A /* ILViewController.m */; };
/* End PBXBuildFile section */

/* Begin PBXFileReference section */
		350EEB2C15AB834800E5CE2A /* APNApp.app */ = {isa = PBXFileReference; explicitFileType = wrapper.application; includeInIndex = 0; path = APNApp.app; sourceTree = BUILT_PRODUCTS_DIR; };
		350EEB3015AB834800E5CE2A /* UIKit.framework */ = {isa = PBXFileReference; lastKnownFileType = wrapper.framework; name = UIKit.framework; path = System/Library/Frameworks/UIKit.framework; sourceTree = SDKROOT; };
		350EEB3215AB834800E5CE2A /* Foundation.framework */ = {isa = PBXFileReference; lastKnownFileType = wrapper.framework; name = Foundation.framework; path = System/Library/Frameworks/Foundation.framework; sourceTree = SDKROOT; };
		350EEB3415AB834800E5CE2A /* CoreGraphics.framework */ = {isa = PBXFileReference; lastKnownFileType = wrapper.framework; name = CoreGraphics.framework; path = System/Library/Frameworks/CoreGraphics.framework; sourceTree = SDKROOT; };
		350EEB3815AB834800E5CE2A /* APNApp-Info.plist */ = {isa = PBXFileReference; lastKnownFileType = text.plist.xml; path = "APNApp-Info.plist"; sourceTree = "<group>"; };
		350EEB3A15AB834800E5CE2A /* en */ = {isa = PBXFileReference; lastKnownFileType = text.plist.strings; name = en; path = en.lproj/InfoPlist.strings; sourceTree = "<group>"; };
		350EEB3C15AB834800E5CE2A /* main.m */ = {isa = PBXFileReference; lastKnownFileType = sourcecode.c.objc; path = main.m; sourceTree = "<group>"; };
		350EEB3E15AB834800E5CE2A /* APNApp-Prefix.pch */ = {isa = PBXFileReference; lastKnownFileType = sourcecode.c.h; path = "APNApp-Prefix.pch"; sourceTree = "<group>"; };
		350EEB3F15AB834800E5CE2A /* ILAppDelegate.h */ = {isa = PBXFileReference; lastKnownFileType = sourcecode.c.h; path = ILAppDelegate.h; sourceTree = "<group>"; };
		350EEB4015AB834800E5CE2A /* ILAppDelegate.m */ = {isa = PBXFileReference; lastKnownFileType = sourcecode.c.objc; path = ILAppDelegate.m; sourceTree = "<group>"; };
		350EEB4315AB834800E5CE2A /* en */ = {isa = PBXFileReference; lastKnownFileType = file.storyboard; name = en; path = en.lproj/MainStoryboard.storyboard; sourceTree = "<group>"; };
		350EEB4515AB834800E5CE2A /* ILViewController.h */ = {isa = PBXFileReference; lastKnownFileType = sourcecode.c.h; path = ILViewController.h; sourceTree = "<group>"; };
		350EEB4615AB834800E5CE2A /* ILViewController.m */ = {isa = PBXFileReference; lastKnownFileType = sourcecode.c.objc; path = ILViewController.m; sourceTree = "<group>"; };
/* End PBXFileReference section */

/* Begin PBXFrameworksBuildPhase section */
		350EEB2915AB834800E5CE2A /* Frameworks */ = {
			isa = PBXFrameworksBuildPhase;
			buildActionMask = 2147483647;
			files = (
				350EEB3115AB834800E5CE2A /* UIKit.framework in Frameworks */,
				350EEB3315AB834800E5CE2A /* Foundation.framework in Frameworks */,
				350EEB3515AB834800E5CE2A /* CoreGraphics.framework in Frameworks */,
			);
			runOnlyForDeploymentPostprocessing = 0;
		};
/* End PBXFrameworksBuildPhase section */

/* Begin PBXGroup section */
		350EEB2115AB834800E5CE2A = {
			isa = PBXGroup;
			children = (
				350EEB3615AB834800E5CE2A /* APNApp */,
				350EEB2F15AB834800E5CE2A /* Frameworks */,
				350EEB2D15AB834800E5CE2A /* Products */,
			);
			sourceTree = "<group>";
		};
		350EEB2D15AB834800E5CE2A /* Products */ = {
			isa = PBXGroup;
			children = (
				350EEB2C15AB834800E5CE2A /* APNApp.app */,
			);
			name = Products;
			sourceTree = "<group>";
		};
		350EEB2F15AB834800E5CE2A /* Frameworks */ = {
			isa = PBXGroup;
			children = (
				350EEB3015AB834800E5CE2A /* UIKit.framework */,
				350EEB3215AB834800E5CE2A /* Foundation.framework */,
				350EEB3415AB834800E5CE2A /* CoreGraphics.framework */,
			);
			name = Frameworks;
			sourceTree = "<group>";
		};
		350EEB3615AB834800E5CE2A /* APNApp */ = {
			isa = PBXGroup;
			children = (
				350EEB3F15AB834800E5CE2A /* ILAppDelegate.h */,
				350EEB4015AB834800E5CE2A /* ILAppDelegate.m */,
				350EEB4215AB834800E5CE2A /* MainStoryboard.storyboard */,
				350EEB4515AB834800E5CE2A /* ILViewController.h */,
				350EEB4615AB834800E5CE2A /* ILViewController.m */,
				350EEB3715AB834800E5CE2A /* Supporting Files */,
			);
			path = APNApp;
			sourceTree = "<group>";
		};
		350EEB3715AB834800E5CE2A /* Supporting Files */ = {
			isa = PBXGroup;
			children = (
				350EEB3815AB834800E5CE2A /* APNApp-Info.plist */,
				350EEB3915AB834800E5CE2A /* InfoPlist.strings */,
				350EEB3C15AB834800E5CE2A /* main.m */,
				350EEB3E15AB834800E5CE2A /* APNApp-Prefix.pch */,
			);
			name = "Supporting Files";
			sourceTree = "<group>";
		};
/* End PBXGroup section */

/* Begin PBXNativeTarget section */
		350EEB2B15AB834800E5CE2A /* APNApp */ = {
			isa = PBXNativeTarget;
			buildConfigurationList = 350EEB4A15AB834800E5CE2A /* Build configuration list for PBXNativeTarget "APNApp" */;
			buildPhases = (
				350EEB2815AB834800E5CE2A /* Sources */,
				350EEB2915AB834800E5CE2A /* Frameworks */,
				350EEB2A15AB834800E5CE2A /* Resources */,
			);
			buildRules = (
			);
			dependencies = (
			);
			name = APNApp;
			productName = APNApp;
			productReference = 350EEB2C15AB834800E5CE2A /* APNApp.app */;
			productType = "com.apple.product-type.application";
		};
/* End PBXNativeTarget section */

/* Begin PBXProject section */
		350EEB2315AB834800E5CE2A /* Project object */ = {
			isa = PBXProject;
			attributes = {
				CLASSPREFIX = IL;
				LastUpgradeCheck = 0430;
				ORGANIZATIONNAME = particulier;
			};
			buildConfigurationList = 350EEB2615AB834800E5CE2A /* Build configuration list for PBXProject "APNApp" */;
			compatibilityVersion = "Xcode 3.2";
			developmentRegion = English;
			hasScannedForEncodings = 0;
			knownRegions = (
				en,
			);
			mainGroup = 350EEB2115AB834800E5CE2A;
			productRefGroup = 350EEB2D15AB834800E5CE2A /* Products */;
			projectDirPath = "";
			projectRoot = "";
			targets = (
				350EEB2B15AB834800E5CE2A /* APNApp */,
			);
		};
/* End PBXProject section */

/* Begin PBXResourcesBuildPhase section */
		350EEB2A15AB834800E5CE2A /* Resources */ = {
			isa = PBXResourcesBuildPhase;
			buildActionMask = 2147483647;
			files = (
				350EEB3B15AB834800E5CE2A /* InfoPlist.strings in Resources */,
				350EEB4415AB834800E5CE2A /* MainStoryboard.storyboard in Resources */,
			);
			runOnlyForDeploymentPostprocessing = 0;
		};
/* End PBXResourcesBuildPhase section */

/* Begin PBXSourcesBuildPhase section */
		350EEB2815AB834800E5CE2A /* Sources */ = {
			isa = PBXSourcesBuildPhase;
			buildActionMask = 2147483647;
			files = (
				350EEB3D15AB834800E5CE2A /* main.m in Sources */,
				350EEB4115AB834800E5CE2A /* ILAppDelegate.m in Sources */,
				350EEB4715AB834800E5CE2A /* ILViewController.m in Sources */,
			);
			runOnlyForDeploymentPostprocessing = 0;
		};
/* End PBXSourcesBuildPhase section */

/* Begin PBXVariantGroup section */
		350EEB3915AB834800E5CE2A /* InfoPlist.strings */ = {
			isa = PBXVariantGroup;
			children = (
				350EEB3A15AB834800E5CE2A /* en */,
			);
			name = InfoPlist.strings;
			sourceTree = "<group>";
		};
		350EEB4215AB834800E5CE2A /* MainStoryboard.storyboard */ = {
			isa = PBXVariantGroup;
			children = (
				350EEB4315AB834800E5CE2A /* en */,
			);
			name = MainStoryboard.storyboard;
			sourceTree = "<group>";
		};
/* End PBXVariantGroup section */

/* Begin XCBuildConfiguration section */
		350EEB4815AB834800E5CE2A /* Debug */ = {
			isa = XCBuildConfiguration;
			buildSettings = {
				ALWAYS_SEARCH_USER_PATHS = NO;
				ARCHS = "$(ARCHS_STANDARD_32_BIT)";
				CLANG_ENABLE_OBJC_ARC = YES;
				CODE_SIGN_IDENTITY = "iPhone Developer: jeremy Templier (PQB4456LN5)";
				"CODE_SIGN_IDENTITY[sdk=iphoneos*]" = "iPhone Developer";
				COPY_PHASE_STRIP = NO;
				GCC_C_LANGUAGE_STANDARD = gnu99;
				GCC_DYNAMIC_NO_PIC = NO;
				GCC_OPTIMIZATION_LEVEL = 0;
				GCC_PREPROCESSOR_DEFINITIONS = (
					"DEBUG=1",
					"$(inherited)",
				);
				GCC_SYMBOLS_PRIVATE_EXTERN = NO;
				GCC_VERSION = com.apple.compilers.llvm.clang.1_0;
				GCC_WARN_ABOUT_RETURN_TYPE = YES;
				GCC_WARN_UNINITIALIZED_AUTOS = YES;
				GCC_WARN_UNUSED_VARIABLE = YES;
				IPHONEOS_DEPLOYMENT_TARGET = 5.1;
				PROVISIONING_PROFILE = "965528C0-F7B2-4EA5-B127-F5C94E30D6F0";
				"PROVISIONING_PROFILE[sdk=iphoneos*]" = "965528C0-F7B2-4EA5-B127-F5C94E30D6F0";
				SDKROOT = iphoneos;
			};
			name = Debug;
		};
		350EEB4915AB834800E5CE2A /* Release */ = {
			isa = XCBuildConfiguration;
			buildSettings = {
				ALWAYS_SEARCH_USER_PATHS = NO;
				ARCHS = "$(ARCHS_STANDARD_32_BIT)";
				CLANG_ENABLE_OBJC_ARC = YES;
				"CODE_SIGN_IDENTITY[sdk=iphoneos*]" = "iPhone Developer";
				COPY_PHASE_STRIP = YES;
				GCC_C_LANGUAGE_STANDARD = gnu99;
				GCC_VERSION = com.apple.compilers.llvm.clang.1_0;
				GCC_WARN_ABOUT_RETURN_TYPE = YES;
				GCC_WARN_UNINITIALIZED_AUTOS = YES;
				GCC_WARN_UNUSED_VARIABLE = YES;
				IPHONEOS_DEPLOYMENT_TARGET = 5.1;
				OTHER_CFLAGS = "-DNS_BLOCK_ASSERTIONS=1";
				SDKROOT = iphoneos;
				VALIDATE_PRODUCT = YES;
			};
			name = Release;
		};
		350EEB4B15AB834800E5CE2A /* Debug */ = {
			isa = XCBuildConfiguration;
			buildSettings = {
				GCC_PRECOMPILE_PREFIX_HEADER = YES;
				GCC_PREFIX_HEADER = "APNApp/APNApp-Prefix.pch";
				INFOPLIST_FILE = "APNApp/APNApp-Info.plist";
				PRODUCT_NAME = "$(TARGET_NAME)";
				WRAPPER_EXTENSION = app;
			};
			name = Debug;
		};
		350EEB4C15AB834800E5CE2A /* Release */ = {
			isa = XCBuildConfiguration;
			buildSettings = {
				GCC_PRECOMPILE_PREFIX_HEADER = YES;
				GCC_PREFIX_HEADER = "APNApp/APNApp-Prefix.pch";
				INFOPLIST_FILE = "APNApp/APNApp-Info.plist";
				PRODUCT_NAME = "$(TARGET_NAME)";
				WRAPPER_EXTENSION = app;
			};
			name = Release;
		};
/* End XCBuildConfiguration section */

/* Begin XCConfigurationList section */
		350EEB2615AB834800E5CE2A /* Build configuration list for PBXProject "APNApp" */ = {
			isa = XCConfigurationList;
			buildConfigurations = (
				350EEB4815AB834800E5CE2A /* Debug */,
				350EEB4915AB834800E5CE2A /* Release */,
			);
			defaultConfigurationIsVisible = 0;
			defaultConfigurationName = Release;
		};
		350EEB4A15AB834800E5CE2A /* Build configuration list for PBXNativeTarget "APNApp" */ = {
			isa = XCConfigurationList;
			buildConfigurations = (
				350EEB4B15AB834800E5CE2A /* Debug */,
				350EEB4C15AB834800E5CE2A /* Release */,
			);
			defaultConfigurationIsVisible = 0;
			defaultConfigurationName = Release;
		};
/* End XCConfigurationList section */
	};
	rootObject = 350EEB2315AB834800E5CE2A /* Project object */;
}
